
Microsoft Visual Studio Solution File, Format Version 12.00
# Visual Studio Version 16
VisualStudioVersion = 16.0.30907.101
MinimumVisualStudioVersion = 10.0.40219.1
Project("{FAE04EC0-301F-11D3-BF4B-00C04F79EFBC}") = "Pattern Designer", "Pattern Designer\Pattern Designer.csproj", "{C2721C60-84AB-4C27-923A-F4FE8F7EBF3A}"
EndProject
Global
	GlobalSection(SolutionConfigurationPlatforms) = preSolution
		Debug|Any CPU = Debug|Any CPU
		Release|Any CPU = Release|Any CPU
	EndGlobalSection
	GlobalSection(ProjectConfigurationPlatforms) = postSolution
		{C2721C60-84AB-4C27-923A-F4FE8F7EBF3A}.Debug|Any CPU.ActiveCfg = Debug|Any CPU
		{C2721C60-84AB-4C27-923A-F4FE8F7EBF3A}.Debug|Any CPU.Build.0 = Debug|Any CPU
		{C2721C60-84AB-4C27-923A-F4FE8F7EBF3A}.Release|Any CPU.ActiveCfg = Release|Any CPU
		{C2721C60-84AB-4C27-923A-F4FE8F7EBF3A}.Release|Any CPU.Build.0 = Release|Any CPU
	EndGlobalSection
	GlobalSection(SolutionProperties) = preSolution
		HideSolutionNode = FALSE
	EndGlobalSection
	GlobalSection(ExtensibilityGlobals) = postSolution
		SolutionGuid = {C4882643-95A6-4058-8D25-CF840F68E59C}
	EndGlobalSection
EndGlobal
